
Microsoft Visual Studio Solution File, Format Version 12.00
# Visual Studio Version 17
VisualStudioVersion = 17.0.32112.339
MinimumVisualStudioVersion = 10.0.40219.1
Project("{FAE04EC0-301F-11D3-BF4B-00C04F79EFBC}") = "Viktorina_3", "Viktorina_3\Viktorina_3.csproj", "{6F9B973B-F3C1-4E37-9D0C-3AA15C3BE4EC}"
EndProject
Global
	GlobalSection(SolutionConfigurationPlatforms) = preSolution
		Debug|Any CPU = Debug|Any CPU
		Release|Any CPU = Release|Any CPU
	EndGlobalSection
	GlobalSection(ProjectConfigurationPlatforms) = postSolution
		{6F9B973B-F3C1-4E37-9D0C-3AA15C3BE4EC}.Debug|Any CPU.ActiveCfg = Debug|Any CPU
		{6F9B973B-F3C1-4E37-9D0C-3AA15C3BE4EC}.Debug|Any CPU.Build.0 = Debug|Any CPU
		{6F9B973B-F3C1-4E37-9D0C-3AA15C3BE4EC}.Release|Any CPU.ActiveCfg = Release|Any CPU
		{6F9B973B-F3C1-4E37-9D0C-3AA15C3BE4EC}.Release|Any CPU.Build.0 = Release|Any CPU
	EndGlobalSection
	GlobalSection(SolutionProperties) = preSolution
		HideSolutionNode = FALSE
	EndGlobalSection
	GlobalSection(ExtensibilityGlobals) = postSolution
		SolutionGuid = {924E7A73-9897-461F-9BE2-C104A352E3A5}
	EndGlobalSection
EndGlobal
